
Microsoft Visual Studio Solution File, Format Version 12.00
# Visual Studio Version 16
VisualStudioVersion = 16.0.31410.357
MinimumVisualStudioVersion = 10.0.40219.1
Project("{FAE04EC0-301F-11D3-BF4B-00C04F79EFBC}") = "RimWorldModBrowser", "RimWorldModBrowser\RimWorldModBrowser.csproj", "{0599AA3F-74A8-4C2E-88CC-CD7E5C68FF88}"
EndProject
Global
	GlobalSection(SolutionConfigurationPlatforms) = preSolution
		Debug|Any CPU = Debug|Any CPU
		Release|Any CPU = Release|Any CPU
	EndGlobalSection
	GlobalSection(ProjectConfigurationPlatforms) = postSolution
		{0599AA3F-74A8-4C2E-88CC-CD7E5C68FF88}.Debug|Any CPU.ActiveCfg = Debug|Any CPU
		{0599AA3F-74A8-4C2E-88CC-CD7E5C68FF88}.Debug|Any CPU.Build.0 = Debug|Any CPU
		{0599AA3F-74A8-4C2E-88CC-CD7E5C68FF88}.Release|Any CPU.ActiveCfg = Release|Any CPU
		{0599AA3F-74A8-4C2E-88CC-CD7E5C68FF88}.Release|Any CPU.Build.0 = Release|Any CPU
	EndGlobalSection
	GlobalSection(SolutionProperties) = preSolution
		HideSolutionNode = FALSE
	EndGlobalSection
	GlobalSection(ExtensibilityGlobals) = postSolution
		SolutionGuid = {3D7B62C1-5280-4A90-90CB-3DF9CA81A867}
	EndGlobalSection
EndGlobal
